
Microsoft Visual Studio Solution File, Format Version 12.00
# Visual Studio Version 17
VisualStudioVersion = 17.14.36109.1 d17.14
MinimumVisualStudioVersion = 10.0.40219.1
Project("{FAE04EC0-301F-11D3-BF4B-00C04F79EFBC}") = "HWEfCore-3", "HWEfCore-3\HWEfCore-3.csproj", "{113E8C93-38E2-47A5-A34C-7EA357BDDF0E}"
EndProject
Global
	GlobalSection(SolutionConfigurationPlatforms) = preSolution
		Debug|Any CPU = Debug|Any CPU
		Release|Any CPU = Release|Any CPU
	EndGlobalSection
	GlobalSection(ProjectConfigurationPlatforms) = postSolution
		{113E8C93-38E2-47A5-A34C-7EA357BDDF0E}.Debug|Any CPU.ActiveCfg = Debug|Any CPU
		{113E8C93-38E2-47A5-A34C-7EA357BDDF0E}.Debug|Any CPU.Build.0 = Debug|Any CPU
		{113E8C93-38E2-47A5-A34C-7EA357BDDF0E}.Release|Any CPU.ActiveCfg = Release|Any CPU
		{113E8C93-38E2-47A5-A34C-7EA357BDDF0E}.Release|Any CPU.Build.0 = Release|Any CPU
	EndGlobalSection
	GlobalSection(SolutionProperties) = preSolution
		HideSolutionNode = FALSE
	EndGlobalSection
	GlobalSection(ExtensibilityGlobals) = postSolution
		SolutionGuid = {6618487B-E5F0-468C-A9A4-2634A2CFA2C7}
	EndGlobalSection
EndGlobal
